// !$*UTF8*$!
{
	archiveVersion = 1;
	classes = {
	};
	objectVersion = 55;
	objects = {

/* Begin PBXBuildFile section */
		A888688728D2A2EE00E8EAC6 /* SwipeActions in Frameworks */ = {isa = PBXBuildFile; productRef = A888688628D2A2EE00E8EAC6 /* SwipeActions */; };
		A888689828D2A44700E8EAC6 /* ViolynModel.xcdatamodeld in Sources */ = {isa = PBXBuildFile; fileRef = A888689628D2A44700E8EAC6 /* ViolynModel.xcdatamodeld */; };
		A888689928D2A44700E8EAC6 /* ViolynModel.xcdatamodeld in Sources */ = {isa = PBXBuildFile; fileRef = A888689628D2A44700E8EAC6 /* ViolynModel.xcdatamodeld */; };
		A888689B28D2A45C00E8EAC6 /* Tweak.swift in Sources */ = {isa = PBXBuildFile; fileRef = A888689A28D2A45C00E8EAC6 /* Tweak.swift */; };
		A888689C28D2A45C00E8EAC6 /* Tweak.swift in Sources */ = {isa = PBXBuildFile; fileRef = A888689A28D2A45C00E8EAC6 /* Tweak.swift */; };
		A888689E28D2A47700E8EAC6 /* DataController.swift in Sources */ = {isa = PBXBuildFile; fileRef = A888689D28D2A47700E8EAC6 /* DataController.swift */; };
		A888689F28D2A47700E8EAC6 /* DataController.swift in Sources */ = {isa = PBXBuildFile; fileRef = A888689D28D2A47700E8EAC6 /* DataController.swift */; };
		A88868A128D2A49000E8EAC6 /* ViolynController.swift in Sources */ = {isa = PBXBuildFile; fileRef = A88868A028D2A49000E8EAC6 /* ViolynController.swift */; };
		A88868A228D2A49000E8EAC6 /* ViolynController.swift in Sources */ = {isa = PBXBuildFile; fileRef = A88868A028D2A49000E8EAC6 /* ViolynController.swift */; };
		A88868AA28D2A50F00E8EAC6 /* Download.swift in Sources */ = {isa = PBXBuildFile; fileRef = A88868A928D2A50F00E8EAC6 /* Download.swift */; };
		A88868AB28D2A50F00E8EAC6 /* Download.swift in Sources */ = {isa = PBXBuildFile; fileRef = A88868A928D2A50F00E8EAC6 /* Download.swift */; };
		A88868AD28D2A51700E8EAC6 /* LoadSize.swift in Sources */ = {isa = PBXBuildFile; fileRef = A88868AC28D2A51700E8EAC6 /* LoadSize.swift */; };
		A88868AE28D2A51700E8EAC6 /* LoadSize.swift in Sources */ = {isa = PBXBuildFile; fileRef = A88868AC28D2A51700E8EAC6 /* LoadSize.swift */; };
		A88868B028D2A51D00E8EAC6 /* Search.swift in Sources */ = {isa = PBXBuildFile; fileRef = A88868AF28D2A51D00E8EAC6 /* Search.swift */; };
		A88868B128D2A51D00E8EAC6 /* Search.swift in Sources */ = {isa = PBXBuildFile; fileRef = A88868AF28D2A51D00E8EAC6 /* Search.swift */; };
		A88868B328D2A64900E8EAC6 /* ViolynHeaderView.swift in Sources */ = {isa = PBXBuildFile; fileRef = A88868B228D2A64900E8EAC6 /* ViolynHeaderView.swift */; };
		A88868B428D2A64900E8EAC6 /* ViolynHeaderView.swift in Sources */ = {isa = PBXBuildFile; fileRef = A88868B228D2A64900E8EAC6 /* ViolynHeaderView.swift */; };
		A88868B928D2A6C100E8EAC6 /* ProgressStyle.swift in Sources */ = {isa = PBXBuildFile; fileRef = A88868B828D2A6C100E8EAC6 /* ProgressStyle.swift */; };
		A88868BA28D2A6C100E8EAC6 /* ProgressStyle.swift in Sources */ = {isa = PBXBuildFile; fileRef = A88868B828D2A6C100E8EAC6 /* ProgressStyle.swift */; };
		A88868BC28D2A6FA00E8EAC6 /* LiteralEntry.swift in Sources */ = {isa = PBXBuildFile; fileRef = A88868BB28D2A6FA00E8EAC6 /* LiteralEntry.swift */; };
		A88868BD28D2A6FA00E8EAC6 /* LiteralEntry.swift in Sources */ = {isa = PBXBuildFile; fileRef = A88868BB28D2A6FA00E8EAC6 /* LiteralEntry.swift */; };
		A88868BF28D2A71000E8EAC6 /* DownloadView.swift in Sources */ = {isa = PBXBuildFile; fileRef = A88868BE28D2A71000E8EAC6 /* DownloadView.swift */; };
		A88868C028D2A71000E8EAC6 /* DownloadView.swift in Sources */ = {isa = PBXBuildFile; fileRef = A88868BE28D2A71000E8EAC6 /* DownloadView.swift */; };
		A88868C828D2A84900E8EAC6 /* RecentView.swift in Sources */ = {isa = PBXBuildFile; fileRef = A88868C728D2A84900E8EAC6 /* RecentView.swift */; };
		A88868C928D2A84900E8EAC6 /* RecentView.swift in Sources */ = {isa = PBXBuildFile; fileRef = A88868C728D2A84900E8EAC6 /* RecentView.swift */; };
		A88868CB28D2AA2700E8EAC6 /* SearchViewiOS.swift in Sources */ = {isa = PBXBuildFile; fileRef = A88868CA28D2AA2700E8EAC6 /* SearchViewiOS.swift */; };
		A88868CD28D2AA3500E8EAC6 /* SearchViewMac.swift in Sources */ = {isa = PBXBuildFile; fileRef = A88868CC28D2AA3500E8EAC6 /* SearchViewMac.swift */; };
		A88868CF28D2AAF000E8EAC6 /* RecentViewMac.swift in Sources */ = {isa = PBXBuildFile; fileRef = A88868CE28D2AAF000E8EAC6 /* RecentViewMac.swift */; };
		A88868D128D2AB0B00E8EAC6 /* RecentViewiOS.swift in Sources */ = {isa = PBXBuildFile; fileRef = A88868D028D2AB0B00E8EAC6 /* RecentViewiOS.swift */; };
		A88868D328D2ACF500E8EAC6 /* SearchView.swift in Sources */ = {isa = PBXBuildFile; fileRef = A88868D228D2ACF500E8EAC6 /* SearchView.swift */; };
		A88868D428D2ACF500E8EAC6 /* SearchView.swift in Sources */ = {isa = PBXBuildFile; fileRef = A88868D228D2ACF500E8EAC6 /* SearchView.swift */; };
		A88868DC28D2B0C300E8EAC6 /* Colorful.swift in Sources */ = {isa = PBXBuildFile; fileRef = A88868DB28D2B0C300E8EAC6 /* Colorful.swift */; };
		A88868DD28D2B0C300E8EAC6 /* Colorful.swift in Sources */ = {isa = PBXBuildFile; fileRef = A88868DB28D2B0C300E8EAC6 /* Colorful.swift */; };
		A88868DF28D2B0D100E8EAC6 /* ColorfulView.swift in Sources */ = {isa = PBXBuildFile; fileRef = A88868DE28D2B0D100E8EAC6 /* ColorfulView.swift */; };
		A88868E028D2B0D100E8EAC6 /* ColorfulView.swift in Sources */ = {isa = PBXBuildFile; fileRef = A88868DE28D2B0D100E8EAC6 /* ColorfulView.swift */; };
		A88868E228D2B0E900E8EAC6 /* PointRandomization.swift in Sources */ = {isa = PBXBuildFile; fileRef = A88868E128D2B0E900E8EAC6 /* PointRandomization.swift */; };
		A88868E328D2B0E900E8EAC6 /* PointRandomization.swift in Sources */ = {isa = PBXBuildFile; fileRef = A88868E128D2B0E900E8EAC6 /* PointRandomization.swift */; };
		A88868F228D2B37F00E8EAC6 /* Modish.ttf in CopyFiles */ = {isa = PBXBuildFile; fileRef = A88868EF28D2B2CD00E8EAC6 /* Modish.ttf */; };
		A88868F528D2B43600E8EAC6 /* Modish.ttf in Resources */ = {isa = PBXBuildFile; fileRef = A88868EF28D2B2CD00E8EAC6 /* Modish.ttf */; };
		A8F2BF2428D280600087CE20 /* ViolynApp.swift in Sources */ = {isa = PBXBuildFile; fileRef = A8F2BF1428D2805E0087CE20 /* ViolynApp.swift */; };
		A8F2BF2528D280600087CE20 /* ViolynApp.swift in Sources */ = {isa = PBXBuildFile; fileRef = A8F2BF1428D2805E0087CE20 /* ViolynApp.swift */; };
		A8F2BF2628D280600087CE20 /* ContentView.swift in Sources */ = {isa = PBXBuildFile; fileRef = A8F2BF1528D2805E0087CE20 /* ContentView.swift */; };
		A8F2BF2728D280600087CE20 /* ContentView.swift in Sources */ = {isa = PBXBuildFile; fileRef = A8F2BF1528D2805E0087CE20 /* ContentView.swift */; };
		A8F2BF2828D280600087CE20 /* Assets.xcassets in Resources */ = {isa = PBXBuildFile; fileRef = A8F2BF1628D280600087CE20 /* Assets.xcassets */; };
		A8F2BF2928D280600087CE20 /* Assets.xcassets in Resources */ = {isa = PBXBuildFile; fileRef = A8F2BF1628D280600087CE20 /* Assets.xcassets */; };
/* End PBXBuildFile section */

/* Begin PBXCopyFilesBuildPhase section */
		A88868F128D2B36300E8EAC6 /* CopyFiles */ = {
			isa = PBXCopyFilesBuildPhase;
			buildActionMask = 2147483647;
			dstPath = Fonts;
			dstSubfolderSpec = 7;
			files = (
				A88868F228D2B37F00E8EAC6 /* Modish.ttf in CopyFiles */,
			);
			runOnlyForDeploymentPostprocessing = 0;
		};
/* End PBXCopyFilesBuildPhase section */

/* Begin PBXFileReference section */
		A888689728D2A44700E8EAC6 /* ViolynModel.xcdatamodel */ = {isa = PBXFileReference; lastKnownFileType = wrapper.xcdatamodel; path = ViolynModel.xcdatamodel; sourceTree = "<group>"; };
		A888689A28D2A45C00E8EAC6 /* Tweak.swift */ = {isa = PBXFileReference; lastKnownFileType = sourcecode.swift; path = Tweak.swift; sourceTree = "<group>"; };
		A888689D28D2A47700E8EAC6 /* DataController.swift */ = {isa = PBXFileReference; lastKnownFileType = sourcecode.swift; path = DataController.swift; sourceTree = "<group>"; };
		A88868A028D2A49000E8EAC6 /* ViolynController.swift */ = {isa = PBXFileReference; lastKnownFileType = sourcecode.swift; path = ViolynController.swift; sourceTree = "<group>"; };
		A88868A928D2A50F00E8EAC6 /* Download.swift */ = {isa = PBXFileReference; lastKnownFileType = sourcecode.swift; path = Download.swift; sourceTree = "<group>"; };
		A88868AC28D2A51700E8EAC6 /* LoadSize.swift */ = {isa = PBXFileReference; lastKnownFileType = sourcecode.swift; path = LoadSize.swift; sourceTree = "<group>"; };
		A88868AF28D2A51D00E8EAC6 /* Search.swift */ = {isa = PBXFileReference; lastKnownFileType = sourcecode.swift; path = Search.swift; sourceTree = "<group>"; };
		A88868B228D2A64900E8EAC6 /* ViolynHeaderView.swift */ = {isa = PBXFileReference; lastKnownFileType = sourcecode.swift; path = ViolynHeaderView.swift; sourceTree = "<group>"; };
		A88868B828D2A6C100E8EAC6 /* ProgressStyle.swift */ = {isa = PBXFileReference; lastKnownFileType = sourcecode.swift; path = ProgressStyle.swift; sourceTree = "<group>"; };
		A88868BB28D2A6FA00E8EAC6 /* LiteralEntry.swift */ = {isa = PBXFileReference; lastKnownFileType = sourcecode.swift; path = LiteralEntry.swift; sourceTree = "<group>"; };
		A88868BE28D2A71000E8EAC6 /* DownloadView.swift */ = {isa = PBXFileReference; lastKnownFileType = sourcecode.swift; path = DownloadView.swift; sourceTree = "<group>"; };
		A88868C728D2A84900E8EAC6 /* RecentView.swift */ = {isa = PBXFileReference; lastKnownFileType = sourcecode.swift; path = RecentView.swift; sourceTree = "<group>"; };
		A88868CA28D2AA2700E8EAC6 /* SearchViewiOS.swift */ = {isa = PBXFileReference; lastKnownFileType = sourcecode.swift; path = SearchViewiOS.swift; sourceTree = "<group>"; };
		A88868CC28D2AA3500E8EAC6 /* SearchViewMac.swift */ = {isa = PBXFileReference; lastKnownFileType = sourcecode.swift; path = SearchViewMac.swift; sourceTree = "<group>"; };
		A88868CE28D2AAF000E8EAC6 /* RecentViewMac.swift */ = {isa = PBXFileReference; lastKnownFileType = sourcecode.swift; path = RecentViewMac.swift; sourceTree = "<group>"; };
		A88868D028D2AB0B00E8EAC6 /* RecentViewiOS.swift */ = {isa = PBXFileReference; lastKnownFileType = sourcecode.swift; path = RecentViewiOS.swift; sourceTree = "<group>"; };
		A88868D228D2ACF500E8EAC6 /* SearchView.swift */ = {isa = PBXFileReference; lastKnownFileType = sourcecode.swift; path = SearchView.swift; sourceTree = "<group>"; };
		A88868D528D2AEF200E8EAC6 /* Violyn--macOS--Info.plist */ = {isa = PBXFileReference; lastKnownFileType = text.plist; path = "Violyn--macOS--Info.plist"; sourceTree = "<group>"; };
		A88868D628D2AF4300E8EAC6 /* Violyn--iOS--Info.plist */ = {isa = PBXFileReference; lastKnownFileType = text.plist; path = "Violyn--iOS--Info.plist"; sourceTree = "<group>"; };
		A88868DB28D2B0C300E8EAC6 /* Colorful.swift */ = {isa = PBXFileReference; lastKnownFileType = sourcecode.swift; path = Colorful.swift; sourceTree = "<group>"; };
		A88868DE28D2B0D100E8EAC6 /* ColorfulView.swift */ = {isa = PBXFileReference; lastKnownFileType = sourcecode.swift; path = ColorfulView.swift; sourceTree = "<group>"; };
		A88868E128D2B0E900E8EAC6 /* PointRandomization.swift */ = {isa = PBXFileReference; lastKnownFileType = sourcecode.swift; path = PointRandomization.swift; sourceTree = "<group>"; };
		A88868EF28D2B2CD00E8EAC6 /* Modish.ttf */ = {isa = PBXFileReference; lastKnownFileType = file; path = Modish.ttf; sourceTree = "<group>"; };
		A8F2BF1428D2805E0087CE20 /* ViolynApp.swift */ = {isa = PBXFileReference; lastKnownFileType = sourcecode.swift; path = ViolynApp.swift; sourceTree = "<group>"; };
		A8F2BF1528D2805E0087CE20 /* ContentView.swift */ = {isa = PBXFileReference; lastKnownFileType = sourcecode.swift; path = ContentView.swift; sourceTree = "<group>"; };
		A8F2BF1628D280600087CE20 /* Assets.xcassets */ = {isa = PBXFileReference; lastKnownFileType = folder.assetcatalog; path = Assets.xcassets; sourceTree = "<group>"; };
		A8F2BF1B28D280600087CE20 /* Violyn.app */ = {isa = PBXFileReference; explicitFileType = wrapper.application; includeInIndex = 0; path = Violyn.app; sourceTree = BUILT_PRODUCTS_DIR; };
		A8F2BF2128D280600087CE20 /* Violyn.app */ = {isa = PBXFileReference; explicitFileType = wrapper.application; includeInIndex = 0; path = Violyn.app; sourceTree = BUILT_PRODUCTS_DIR; };
		A8F2BF2328D280600087CE20 /* macOS.entitlements */ = {isa = PBXFileReference; lastKnownFileType = text.plist.entitlements; path = macOS.entitlements; sourceTree = "<group>"; };
/* End PBXFileReference section */

/* Begin PBXFrameworksBuildPhase section */
		A8F2BF1828D280600087CE20 /* Frameworks */ = {
			isa = PBXFrameworksBuildPhase;
			buildActionMask = 2147483647;
			files = (
				A888688728D2A2EE00E8EAC6 /* SwipeActions in Frameworks */,
			);
			runOnlyForDeploymentPostprocessing = 0;
		};
		A8F2BF1E28D280600087CE20 /* Frameworks */ = {
			isa = PBXFrameworksBuildPhase;
			buildActionMask = 2147483647;
			files = (
			);
			runOnlyForDeploymentPostprocessing = 0;
		};
/* End PBXFrameworksBuildPhase section */

/* Begin PBXGroup section */
		A888688128D2A21A00E8EAC6 /* iOS */ = {
			isa = PBXGroup;
			children = (
				A88868D028D2AB0B00E8EAC6 /* RecentViewiOS.swift */,
				A88868CA28D2AA2700E8EAC6 /* SearchViewiOS.swift */,
			);
			path = iOS;
			sourceTree = "<group>";
		};
		A888688928D2A33700E8EAC6 /* Views */ = {
			isa = PBXGroup;
			children = (
				A8F2BF1528D2805E0087CE20 /* ContentView.swift */,
				A88868BE28D2A71000E8EAC6 /* DownloadView.swift */,
				A88868BB28D2A6FA00E8EAC6 /* LiteralEntry.swift */,
				A88868B828D2A6C100E8EAC6 /* ProgressStyle.swift */,
				A88868C728D2A84900E8EAC6 /* RecentView.swift */,
				A88868D228D2ACF500E8EAC6 /* SearchView.swift */,
				A88868B228D2A64900E8EAC6 /* ViolynHeaderView.swift */,
			);
			path = Views;
			sourceTree = "<group>";
		};
		A888688B28D2A3AF00E8EAC6 /* CoreData */ = {
			isa = PBXGroup;
			children = (
				A888689D28D2A47700E8EAC6 /* DataController.swift */,
				A888689A28D2A45C00E8EAC6 /* Tweak.swift */,
				A888689628D2A44700E8EAC6 /* ViolynModel.xcdatamodeld */,
			);
			path = CoreData;
			sourceTree = "<group>";
		};
		A888688C28D2A3B500E8EAC6 /* Controller */ = {
			isa = PBXGroup;
			children = (
				A88868A928D2A50F00E8EAC6 /* Download.swift */,
				A88868AC28D2A51700E8EAC6 /* LoadSize.swift */,
				A88868AF28D2A51D00E8EAC6 /* Search.swift */,
				A88868A028D2A49000E8EAC6 /* ViolynController.swift */,
			);
			path = Controller;
			sourceTree = "<group>";
		};
		A88868DA28D2B07E00E8EAC6 /* Colorful */ = {
			isa = PBXGroup;
			children = (
				A88868DB28D2B0C300E8EAC6 /* Colorful.swift */,
				A88868DE28D2B0D100E8EAC6 /* ColorfulView.swift */,
				A88868E128D2B0E900E8EAC6 /* PointRandomization.swift */,
			);
			path = Colorful;
			sourceTree = "<group>";
		};
		A88868EE28D2B2BA00E8EAC6 /* Fonts */ = {
			isa = PBXGroup;
			children = (
				A88868EF28D2B2CD00E8EAC6 /* Modish.ttf */,
			);
			path = Fonts;
			sourceTree = "<group>";
		};
		A8F2BF0E28D2805D0087CE20 = {
			isa = PBXGroup;
			children = (
				A88868D628D2AF4300E8EAC6 /* Violyn--iOS--Info.plist */,
				A88868D528D2AEF200E8EAC6 /* Violyn--macOS--Info.plist */,
				A88868EE28D2B2BA00E8EAC6 /* Fonts */,
				A888688128D2A21A00E8EAC6 /* iOS */,
				A8F2BF2228D280600087CE20 /* macOS */,
				A8F2BF1328D2805E0087CE20 /* Shared */,
				A8F2BF1C28D280600087CE20 /* Products */,
			);
			sourceTree = "<group>";
		};
		A8F2BF1328D2805E0087CE20 /* Shared */ = {
			isa = PBXGroup;
			children = (
				A88868DA28D2B07E00E8EAC6 /* Colorful */,
				A888688C28D2A3B500E8EAC6 /* Controller */,
				A888688B28D2A3AF00E8EAC6 /* CoreData */,
				A888688928D2A33700E8EAC6 /* Views */,
				A8F2BF1428D2805E0087CE20 /* ViolynApp.swift */,
				A8F2BF1628D280600087CE20 /* Assets.xcassets */,
			);
			path = Shared;
			sourceTree = "<group>";
		};
		A8F2BF1C28D280600087CE20 /* Products */ = {
			isa = PBXGroup;
			children = (
				A8F2BF1B28D280600087CE20 /* Violyn.app */,
				A8F2BF2128D280600087CE20 /* Violyn.app */,
			);
			name = Products;
			sourceTree = "<group>";
		};
		A8F2BF2228D280600087CE20 /* macOS */ = {
			isa = PBXGroup;
			children = (
				A8F2BF2328D280600087CE20 /* macOS.entitlements */,
				A88868CE28D2AAF000E8EAC6 /* RecentViewMac.swift */,
				A88868CC28D2AA3500E8EAC6 /* SearchViewMac.swift */,
			);
			path = macOS;
			sourceTree = "<group>";
		};
/* End PBXGroup section */

/* Begin PBXNativeTarget section */
		A8F2BF1A28D280600087CE20 /* Violyn (iOS) */ = {
			isa = PBXNativeTarget;
			buildConfigurationList = A8F2BF2C28D280600087CE20 /* Build configuration list for PBXNativeTarget "Violyn (iOS)" */;
			buildPhases = (
				A8F2BF1728D280600087CE20 /* Sources */,
				A8F2BF1828D280600087CE20 /* Frameworks */,
				A8F2BF1928D280600087CE20 /* Resources */,
			);
			buildRules = (
			);
			dependencies = (
			);
			name = "Violyn (iOS)";
			packageProductDependencies = (
				A888688628D2A2EE00E8EAC6 /* SwipeActions */,
			);
			productName = "Violyn (iOS)";
			productReference = A8F2BF1B28D280600087CE20 /* Violyn.app */;
			productType = "com.apple.product-type.application";
		};
		A8F2BF2028D280600087CE20 /* Violyn (macOS) */ = {
			isa = PBXNativeTarget;
			buildConfigurationList = A8F2BF2F28D280600087CE20 /* Build configuration list for PBXNativeTarget "Violyn (macOS)" */;
			buildPhases = (
				A8F2BF1D28D280600087CE20 /* Sources */,
				A8F2BF1E28D280600087CE20 /* Frameworks */,
				A8F2BF1F28D280600087CE20 /* Resources */,
				A88868F128D2B36300E8EAC6 /* CopyFiles */,
			);
			buildRules = (
			);
			dependencies = (
			);
			name = "Violyn (macOS)";
			productName = "Violyn (macOS)";
			productReference = A8F2BF2128D280600087CE20 /* Violyn.app */;
			productType = "com.apple.product-type.application";
		};
/* End PBXNativeTarget section */

/* Begin PBXProject section */
		A8F2BF0F28D2805D0087CE20 /* Project object */ = {
			isa = PBXProject;
			attributes = {
				BuildIndependentTargetsInParallel = 1;
				LastSwiftUpdateCheck = 1340;
				LastUpgradeCheck = 1340;
				TargetAttributes = {
					A8F2BF1A28D280600087CE20 = {
						CreatedOnToolsVersion = 13.4.1;
					};
					A8F2BF2028D280600087CE20 = {
						CreatedOnToolsVersion = 13.4.1;
					};
				};
			};
			buildConfigurationList = A8F2BF1228D2805D0087CE20 /* Build configuration list for PBXProject "Violyn" */;
			compatibilityVersion = "Xcode 13.0";
			developmentRegion = en;
			hasScannedForEncodings = 0;
			knownRegions = (
				en,
				Base,
			);
			mainGroup = A8F2BF0E28D2805D0087CE20;
			packageReferences = (
				A888688528D2A2EE00E8EAC6 /* XCRemoteSwiftPackageReference "SwipeActions" */,
			);
			productRefGroup = A8F2BF1C28D280600087CE20 /* Products */;
			projectDirPath = "";
			projectRoot = "";
			targets = (
				A8F2BF1A28D280600087CE20 /* Violyn (iOS) */,
				A8F2BF2028D280600087CE20 /* Violyn (macOS) */,
			);
		};
/* End PBXProject section */

/* Begin PBXResourcesBuildPhase section */
		A8F2BF1928D280600087CE20 /* Resources */ = {
			isa = PBXResourcesBuildPhase;
			buildActionMask = 2147483647;
			files = (
				A8F2BF2828D280600087CE20 /* Assets.xcassets in Resources */,
				A88868F528D2B43600E8EAC6 /* Modish.ttf in Resources */,
			);
			runOnlyForDeploymentPostprocessing = 0;
		};
		A8F2BF1F28D280600087CE20 /* Resources */ = {
			isa = PBXResourcesBuildPhase;
			buildActionMask = 2147483647;
			files = (
				A8F2BF2928D280600087CE20 /* Assets.xcassets in Resources */,
			);
			runOnlyForDeploymentPostprocessing = 0;
		};
/* End PBXResourcesBuildPhase section */

/* Begin PBXSourcesBuildPhase section */
		A8F2BF1728D280600087CE20 /* Sources */ = {
			isa = PBXSourcesBuildPhase;
			buildActionMask = 2147483647;
			files = (
				A88868E228D2B0E900E8EAC6 /* PointRandomization.swift in Sources */,
				A88868CB28D2AA2700E8EAC6 /* SearchViewiOS.swift in Sources */,
				A88868BF28D2A71000E8EAC6 /* DownloadView.swift in Sources */,
				A88868B328D2A64900E8EAC6 /* ViolynHeaderView.swift in Sources */,
				A88868D128D2AB0B00E8EAC6 /* RecentViewiOS.swift in Sources */,
				A88868B028D2A51D00E8EAC6 /* Search.swift in Sources */,
				A88868DC28D2B0C300E8EAC6 /* Colorful.swift in Sources */,
				A88868B928D2A6C100E8EAC6 /* ProgressStyle.swift in Sources */,
				A88868AA28D2A50F00E8EAC6 /* Download.swift in Sources */,
				A888689E28D2A47700E8EAC6 /* DataController.swift in Sources */,
				A8F2BF2628D280600087CE20 /* ContentView.swift in Sources */,
				A88868D328D2ACF500E8EAC6 /* SearchView.swift in Sources */,
				A8F2BF2428D280600087CE20 /* ViolynApp.swift in Sources */,
				A888689828D2A44700E8EAC6 /* ViolynModel.xcdatamodeld in Sources */,
				A88868AD28D2A51700E8EAC6 /* LoadSize.swift in Sources */,
				A888689B28D2A45C00E8EAC6 /* Tweak.swift in Sources */,
				A88868DF28D2B0D100E8EAC6 /* ColorfulView.swift in Sources */,
				A88868A128D2A49000E8EAC6 /* ViolynController.swift in Sources */,
				A88868C828D2A84900E8EAC6 /* RecentView.swift in Sources */,
				A88868BC28D2A6FA00E8EAC6 /* LiteralEntry.swift in Sources */,
			);
			runOnlyForDeploymentPostprocessing = 0;
		};
		A8F2BF1D28D280600087CE20 /* Sources */ = {
			isa = PBXSourcesBuildPhase;
			buildActionMask = 2147483647;
			files = (
				A88868E328D2B0E900E8EAC6 /* PointRandomization.swift in Sources */,
				A88868C028D2A71000E8EAC6 /* DownloadView.swift in Sources */,
				A88868CD28D2AA3500E8EAC6 /* SearchViewMac.swift in Sources */,
				A88868B428D2A64900E8EAC6 /* ViolynHeaderView.swift in Sources */,
				A88868B128D2A51D00E8EAC6 /* Search.swift in Sources */,
				A88868BA28D2A6C100E8EAC6 /* ProgressStyle.swift in Sources */,
				A88868DD28D2B0C300E8EAC6 /* Colorful.swift in Sources */,
				A88868AB28D2A50F00E8EAC6 /* Download.swift in Sources */,
				A888689F28D2A47700E8EAC6 /* DataController.swift in Sources */,
				A8F2BF2728D280600087CE20 /* ContentView.swift in Sources */,
				A88868D428D2ACF500E8EAC6 /* SearchView.swift in Sources */,
				A88868CF28D2AAF000E8EAC6 /* RecentViewMac.swift in Sources */,
				A8F2BF2528D280600087CE20 /* ViolynApp.swift in Sources */,
				A888689928D2A44700E8EAC6 /* ViolynModel.xcdatamodeld in Sources */,
				A88868AE28D2A51700E8EAC6 /* LoadSize.swift in Sources */,
				A888689C28D2A45C00E8EAC6 /* Tweak.swift in Sources */,
				A88868E028D2B0D100E8EAC6 /* ColorfulView.swift in Sources */,
				A88868A228D2A49000E8EAC6 /* ViolynController.swift in Sources */,
				A88868C928D2A84900E8EAC6 /* RecentView.swift in Sources */,
				A88868BD28D2A6FA00E8EAC6 /* LiteralEntry.swift in Sources */,
			);
			runOnlyForDeploymentPostprocessing = 0;
		};
/* End PBXSourcesBuildPhase section */

/* Begin XCBuildConfiguration section */
		A8F2BF2A28D280600087CE20 /* Debug */ = {
			isa = XCBuildConfiguration;
			buildSettings = {
				ALWAYS_SEARCH_USER_PATHS = NO;
				CLANG_ANALYZER_NONNULL = YES;
				CLANG_ANALYZER_NUMBER_OBJECT_CONVERSION = YES_AGGRESSIVE;
				CLANG_CXX_LANGUAGE_STANDARD = "gnu++17";
				CLANG_ENABLE_MODULES = YES;
				CLANG_ENABLE_OBJC_ARC = YES;
				CLANG_ENABLE_OBJC_WEAK = YES;
				CLANG_WARN_BLOCK_CAPTURE_AUTORELEASING = YES;
				CLANG_WARN_BOOL_CONVERSION = YES;
				CLANG_WARN_COMMA = YES;
				CLANG_WARN_CONSTANT_CONVERSION = YES;
				CLANG_WARN_DEPRECATED_OBJC_IMPLEMENTATIONS = YES;
				CLANG_WARN_DIRECT_OBJC_ISA_USAGE = YES_ERROR;
				CLANG_WARN_DOCUMENTATION_COMMENTS = YES;
				CLANG_WARN_EMPTY_BODY = YES;
				CLANG_WARN_ENUM_CONVERSION = YES;
				CLANG_WARN_INFINITE_RECURSION = YES;
				CLANG_WARN_INT_CONVERSION = YES;
				CLANG_WARN_NON_LITERAL_NULL_CONVERSION = YES;
				CLANG_WARN_OBJC_IMPLICIT_RETAIN_SELF = YES;
				CLANG_WARN_OBJC_LITERAL_CONVERSION = YES;
				CLANG_WARN_OBJC_ROOT_CLASS = YES_ERROR;
				CLANG_WARN_QUOTED_INCLUDE_IN_FRAMEWORK_HEADER = YES;
				CLANG_WARN_RANGE_LOOP_ANALYSIS = YES;
				CLANG_WARN_STRICT_PROTOTYPES = YES;
				CLANG_WARN_SUSPICIOUS_MOVE = YES;
				CLANG_WARN_UNGUARDED_AVAILABILITY = YES_AGGRESSIVE;
				CLANG_WARN_UNREACHABLE_CODE = YES;
				CLANG_WARN__DUPLICATE_METHOD_MATCH = YES;
				COPY_PHASE_STRIP = NO;
				DEBUG_INFORMATION_FORMAT = dwarf;
				ENABLE_STRICT_OBJC_MSGSEND = YES;
				ENABLE_TESTABILITY = YES;
				GCC_C_LANGUAGE_STANDARD = gnu11;
				GCC_DYNAMIC_NO_PIC = NO;
				GCC_NO_COMMON_BLOCKS = YES;
				GCC_OPTIMIZATION_LEVEL = 0;
				GCC_PREPROCESSOR_DEFINITIONS = (
					"DEBUG=1",
					"$(inherited)",
				);
				GCC_WARN_64_TO_32_BIT_CONVERSION = YES;
				GCC_WARN_ABOUT_RETURN_TYPE = YES_ERROR;
				GCC_WARN_UNDECLARED_SELECTOR = YES;
				GCC_WARN_UNINITIALIZED_AUTOS = YES_AGGRESSIVE;
				GCC_WARN_UNUSED_FUNCTION = YES;
				GCC_WARN_UNUSED_VARIABLE = YES;
				IPHONEOS_DEPLOYMENT_TARGET = 14.0;
				MACOSX_DEPLOYMENT_TARGET = 11.0;
				MTL_ENABLE_DEBUG_INFO = INCLUDE_SOURCE;
				MTL_FAST_MATH = YES;
				ONLY_ACTIVE_ARCH = YES;
				SWIFT_ACTIVE_COMPILATION_CONDITIONS = DEBUG;
				SWIFT_OPTIMIZATION_LEVEL = "-Onone";
			};
			name = Debug;
		};
		A8F2BF2B28D280600087CE20 /* Release */ = {
			isa = XCBuildConfiguration;
			buildSettings = {
				ALWAYS_SEARCH_USER_PATHS = NO;
				CLANG_ANALYZER_NONNULL = YES;
				CLANG_ANALYZER_NUMBER_OBJECT_CONVERSION = YES_AGGRESSIVE;
				CLANG_CXX_LANGUAGE_STANDARD = "gnu++17";
				CLANG_ENABLE_MODULES = YES;
				CLANG_ENABLE_OBJC_ARC = YES;
				CLANG_ENABLE_OBJC_WEAK = YES;
				CLANG_WARN_BLOCK_CAPTURE_AUTORELEASING = YES;
				CLANG_WARN_BOOL_CONVERSION = YES;
				CLANG_WARN_COMMA = YES;
				CLANG_WARN_CONSTANT_CONVERSION = YES;
				CLANG_WARN_DEPRECATED_OBJC_IMPLEMENTATIONS = YES;
				CLANG_WARN_DIRECT_OBJC_ISA_USAGE = YES_ERROR;
				CLANG_WARN_DOCUMENTATION_COMMENTS = YES;
				CLANG_WARN_EMPTY_BODY = YES;
				CLANG_WARN_ENUM_CONVERSION = YES;
				CLANG_WARN_INFINITE_RECURSION = YES;
				CLANG_WARN_INT_CONVERSION = YES;
				CLANG_WARN_NON_LITERAL_NULL_CONVERSION = YES;
				CLANG_WARN_OBJC_IMPLICIT_RETAIN_SELF = YES;
				CLANG_WARN_OBJC_LITERAL_CONVERSION = YES;
				CLANG_WARN_OBJC_ROOT_CLASS = YES_ERROR;
				CLANG_WARN_QUOTED_INCLUDE_IN_FRAMEWORK_HEADER = YES;
				CLANG_WARN_RANGE_LOOP_ANALYSIS = YES;
				CLANG_WARN_STRICT_PROTOTYPES = YES;
				CLANG_WARN_SUSPICIOUS_MOVE = YES;
				CLANG_WARN_UNGUARDED_AVAILABILITY = YES_AGGRESSIVE;
				CLANG_WARN_UNREACHABLE_CODE = YES;
				CLANG_WARN__DUPLICATE_METHOD_MATCH = YES;
				COPY_PHASE_STRIP = NO;
				DEBUG_INFORMATION_FORMAT = "dwarf-with-dsym";
				ENABLE_NS_ASSERTIONS = NO;
				ENABLE_STRICT_OBJC_MSGSEND = YES;
				GCC_C_LANGUAGE_STANDARD = gnu11;
				GCC_NO_COMMON_BLOCKS = YES;
				GCC_WARN_64_TO_32_BIT_CONVERSION = YES;
				GCC_WARN_ABOUT_RETURN_TYPE = YES_ERROR;
				GCC_WARN_UNDECLARED_SELECTOR = YES;
				GCC_WARN_UNINITIALIZED_AUTOS = YES_AGGRESSIVE;
				GCC_WARN_UNUSED_FUNCTION = YES;
				GCC_WARN_UNUSED_VARIABLE = YES;
				IPHONEOS_DEPLOYMENT_TARGET = 14.0;
				MACOSX_DEPLOYMENT_TARGET = 11.0;
				MTL_ENABLE_DEBUG_INFO = NO;
				MTL_FAST_MATH = YES;
				SWIFT_COMPILATION_MODE = wholemodule;
				SWIFT_OPTIMIZATION_LEVEL = "-O";
			};
			name = Release;
		};
		A8F2BF2D28D280600087CE20 /* Debug */ = {
			isa = XCBuildConfiguration;
			buildSettings = {
				ASSETCATALOG_COMPILER_APPICON_NAME = AppIcon;
				ASSETCATALOG_COMPILER_GLOBAL_ACCENT_COLOR_NAME = AccentColor;
				CODE_SIGN_STYLE = Automatic;
				CURRENT_PROJECT_VERSION = Public;
				DEVELOPMENT_TEAM = 927QBR5K88;
				ENABLE_PREVIEWS = YES;
				GENERATE_INFOPLIST_FILE = YES;
				INFOPLIST_FILE = "Violyn--iOS--Info.plist";
				INFOPLIST_KEY_LSSupportsOpeningDocumentsInPlace = YES;
				INFOPLIST_KEY_UIApplicationSceneManifest_Generation = YES;
				INFOPLIST_KEY_UIApplicationSupportsIndirectInputEvents = YES;
				INFOPLIST_KEY_UILaunchScreen_Generation = YES;
				INFOPLIST_KEY_UISupportedInterfaceOrientations = "UIInterfaceOrientationPortrait UIInterfaceOrientationPortraitUpsideDown";
				INFOPLIST_KEY_UISupportedInterfaceOrientations_iPad = "UIInterfaceOrientationPortrait UIInterfaceOrientationPortraitUpsideDown UIInterfaceOrientationLandscapeLeft UIInterfaceOrientationLandscapeRight";
				INFOPLIST_KEY_UISupportedInterfaceOrientations_iPhone = "UIInterfaceOrientationPortrait UIInterfaceOrientationLandscapeLeft UIInterfaceOrientationLandscapeRight";
				INFOPLIST_KEY_UISupportsDocumentBrowser = YES;
				IPHONEOS_DEPLOYMENT_TARGET = 14.0;
				LD_RUNPATH_SEARCH_PATHS = (
					"$(inherited)",
					"@executable_path/Frameworks",
				);
				MARKETING_VERSION = 1.3;
				PRODUCT_BUNDLE_IDENTIFIER = Lilliana.Violyn;
				PRODUCT_NAME = Violyn;
				SDKROOT = iphoneos;
				SWIFT_EMIT_LOC_STRINGS = YES;
				SWIFT_VERSION = 5.0;
				TARGETED_DEVICE_FAMILY = "1,2";
			};
			name = Debug;
		};
		A8F2BF2E28D280600087CE20 /* Release */ = {
			isa = XCBuildConfiguration;
			buildSettings = {
				ASSETCATALOG_COMPILER_APPICON_NAME = AppIcon;
				ASSETCATALOG_COMPILER_GLOBAL_ACCENT_COLOR_NAME = AccentColor;
				CODE_SIGN_STYLE = Automatic;
				CURRENT_PROJECT_VERSION = Public;
				DEVELOPMENT_TEAM = 927QBR5K88;
				ENABLE_PREVIEWS = YES;
				GENERATE_INFOPLIST_FILE = YES;
				INFOPLIST_FILE = "Violyn--iOS--Info.plist";
				INFOPLIST_KEY_LSSupportsOpeningDocumentsInPlace = YES;
				INFOPLIST_KEY_UIApplicationSceneManifest_Generation = YES;
				INFOPLIST_KEY_UIApplicationSupportsIndirectInputEvents = YES;
				INFOPLIST_KEY_UILaunchScreen_Generation = YES;
				INFOPLIST_KEY_UISupportedInterfaceOrientations = "UIInterfaceOrientationPortrait UIInterfaceOrientationPortraitUpsideDown";
				INFOPLIST_KEY_UISupportedInterfaceOrientations_iPad = "UIInterfaceOrientationPortrait UIInterfaceOrientationPortraitUpsideDown UIInterfaceOrientationLandscapeLeft UIInterfaceOrientationLandscapeRight";
				INFOPLIST_KEY_UISupportedInterfaceOrientations_iPhone = "UIInterfaceOrientationPortrait UIInterfaceOrientationLandscapeLeft UIInterfaceOrientationLandscapeRight";
				INFOPLIST_KEY_UISupportsDocumentBrowser = YES;
				IPHONEOS_DEPLOYMENT_TARGET = 14.0;
				LD_RUNPATH_SEARCH_PATHS = (
					"$(inherited)",
					"@executable_path/Frameworks",
				);
				MARKETING_VERSION = 1.3;
				PRODUCT_BUNDLE_IDENTIFIER = Lilliana.Violyn;
				PRODUCT_NAME = Violyn;
				SDKROOT = iphoneos;
				SWIFT_EMIT_LOC_STRINGS = YES;
				SWIFT_VERSION = 5.0;
				TARGETED_DEVICE_FAMILY = "1,2";
				VALIDATE_PRODUCT = YES;
			};
			name = Release;
		};
		A8F2BF3028D280600087CE20 /* Debug */ = {
			isa = XCBuildConfiguration;
			buildSettings = {
				ASSETCATALOG_COMPILER_APPICON_NAME = AppIcon;
				ASSETCATALOG_COMPILER_GLOBAL_ACCENT_COLOR_NAME = AccentColor;
				CODE_SIGN_ENTITLEMENTS = macOS/macOS.entitlements;
				CODE_SIGN_STYLE = Automatic;
				COMBINE_HIDPI_IMAGES = YES;
				CURRENT_PROJECT_VERSION = Public;
				DEVELOPMENT_TEAM = 927QBR5K88;
				ENABLE_HARDENED_RUNTIME = YES;
				ENABLE_PREVIEWS = YES;
				GENERATE_INFOPLIST_FILE = YES;
				INFOPLIST_FILE = "Violyn--macOS--Info.plist";
				INFOPLIST_KEY_LSApplicationCategoryType = "public.app-category.developer-tools";
				INFOPLIST_KEY_LSSupportsOpeningDocumentsInPlace = YES;
				INFOPLIST_KEY_NSHumanReadableCopyright = "";
				INFOPLIST_KEY_UISupportsDocumentBrowser = YES;
				LD_RUNPATH_SEARCH_PATHS = (
					"$(inherited)",
					"@executable_path/../Frameworks",
				);
				MACOSX_DEPLOYMENT_TARGET = 11.0;
				MARKETING_VERSION = 1.3;
				PRODUCT_BUNDLE_IDENTIFIER = Lilliana.Violyn;
				PRODUCT_NAME = Violyn;
				SDKROOT = macosx;
				SWIFT_EMIT_LOC_STRINGS = YES;
				SWIFT_VERSION = 5.0;
			};
			name = Debug;
		};
		A8F2BF3128D280600087CE20 /* Release */ = {
			isa = XCBuildConfiguration;
			buildSettings = {
				ASSETCATALOG_COMPILER_APPICON_NAME = AppIcon;
				ASSETCATALOG_COMPILER_GLOBAL_ACCENT_COLOR_NAME = AccentColor;
				CODE_SIGN_ENTITLEMENTS = macOS/macOS.entitlements;
				CODE_SIGN_STYLE = Automatic;
				COMBINE_HIDPI_IMAGES = YES;
				CURRENT_PROJECT_VERSION = Public;
				DEVELOPMENT_TEAM = 927QBR5K88;
				ENABLE_HARDENED_RUNTIME = YES;
				ENABLE_PREVIEWS = YES;
				GENERATE_INFOPLIST_FILE = YES;
				INFOPLIST_FILE = "Violyn--macOS--Info.plist";
				INFOPLIST_KEY_LSApplicationCategoryType = "public.app-category.developer-tools";
				INFOPLIST_KEY_LSSupportsOpeningDocumentsInPlace = YES;
				INFOPLIST_KEY_NSHumanReadableCopyright = "";
				INFOPLIST_KEY_UISupportsDocumentBrowser = YES;
				LD_RUNPATH_SEARCH_PATHS = (
					"$(inherited)",
					"@executable_path/../Frameworks",
				);
				MACOSX_DEPLOYMENT_TARGET = 11.0;
				MARKETING_VERSION = 1.3;
				PRODUCT_BUNDLE_IDENTIFIER = Lilliana.Violyn;
				PRODUCT_NAME = Violyn;
				SDKROOT = macosx;
				SWIFT_EMIT_LOC_STRINGS = YES;
				SWIFT_VERSION = 5.0;
			};
			name = Release;
		};
/* End XCBuildConfiguration section */

/* Begin XCConfigurationList section */
		A8F2BF1228D2805D0087CE20 /* Build configuration list for PBXProject "Violyn" */ = {
			isa = XCConfigurationList;
			buildConfigurations = (
				A8F2BF2A28D280600087CE20 /* Debug */,
				A8F2BF2B28D280600087CE20 /* Release */,
			);
			defaultConfigurationIsVisible = 0;
			defaultConfigurationName = Release;
		};
		A8F2BF2C28D280600087CE20 /* Build configuration list for PBXNativeTarget "Violyn (iOS)" */ = {
			isa = XCConfigurationList;
			buildConfigurations = (
				A8F2BF2D28D280600087CE20 /* Debug */,
				A8F2BF2E28D280600087CE20 /* Release */,
			);
			defaultConfigurationIsVisible = 0;
			defaultConfigurationName = Release;
		};
		A8F2BF2F28D280600087CE20 /* Build configuration list for PBXNativeTarget "Violyn (macOS)" */ = {
			isa = XCConfigurationList;
			buildConfigurations = (
				A8F2BF3028D280600087CE20 /* Debug */,
				A8F2BF3128D280600087CE20 /* Release */,
			);
			defaultConfigurationIsVisible = 0;
			defaultConfigurationName = Release;
		};
/* End XCConfigurationList section */

/* Begin XCRemoteSwiftPackageReference section */
		A888688528D2A2EE00E8EAC6 /* XCRemoteSwiftPackageReference "SwipeActions" */ = {
			isa = XCRemoteSwiftPackageReference;
			repositoryURL = "https://github.com/c-villain/SwipeActions";
			requirement = {
				branch = "fix-long-swipe";
				kind = branch;
			};
		};
/* End XCRemoteSwiftPackageReference section */

/* Begin XCSwiftPackageProductDependency section */
		A888688628D2A2EE00E8EAC6 /* SwipeActions */ = {
			isa = XCSwiftPackageProductDependency;
			package = A888688528D2A2EE00E8EAC6 /* XCRemoteSwiftPackageReference "SwipeActions" */;
			productName = SwipeActions;
		};
/* End XCSwiftPackageProductDependency section */

/* Begin XCVersionGroup section */
		A888689628D2A44700E8EAC6 /* ViolynModel.xcdatamodeld */ = {
			isa = XCVersionGroup;
			children = (
				A888689728D2A44700E8EAC6 /* ViolynModel.xcdatamodel */,
			);
			currentVersion = A888689728D2A44700E8EAC6 /* ViolynModel.xcdatamodel */;
			path = ViolynModel.xcdatamodeld;
			sourceTree = "<group>";
			versionGroupType = wrapper.xcdatamodel;
		};
/* End XCVersionGroup section */
	};
	rootObject = A8F2BF0F28D2805D0087CE20 /* Project object */;
}
